// !$*UTF8*$!
{
	archiveVersion = 1;
	classes = {
	};
	objectVersion = 46;
	objects = {

/* Begin PBXBuildFile section */
		9B658DC11C76BA0800D01E32 /* main.m in Sources */ = {isa = PBXBuildFile; fileRef = 9B658DC01C76BA0800D01E32 /* main.m */; };
		9B658DC41C76BA0800D01E32 /* AppDelegate.m in Sources */ = {isa = PBXBuildFile; fileRef = 9B658DC31C76BA0800D01E32 /* AppDelegate.m */; };
		9B658DC71C76BA0800D01E32 /* ViewController.m in Sources */ = {isa = PBXBuildFile; fileRef = 9B658DC61C76BA0800D01E32 /* ViewController.m */; };
		9B658DCA1C76BA0800D01E32 /* Main.storyboard in Resources */ = {isa = PBXBuildFile; fileRef = 9B658DC81C76BA0800D01E32 /* Main.storyboard */; };
		9B658DCC1C76BA0800D01E32 /* Assets.xcassets in Resources */ = {isa = PBXBuildFile; fileRef = 9B658DCB1C76BA0800D01E32 /* Assets.xcassets */; };
		9B658DCF1C76BA0800D01E32 /* LaunchScreen.storyboard in Resources */ = {isa = PBXBuildFile; fileRef = 9B658DCD1C76BA0800D01E32 /* LaunchScreen.storyboard */; };
		9B658DDA1C76BA0800D01E32 /* Lab1Tests.m in Sources */ = {isa = PBXBuildFile; fileRef = 9B658DD91C76BA0800D01E32 /* Lab1Tests.m */; };
		9B658DE51C76BA0800D01E32 /* Lab1UITests.m in Sources */ = {isa = PBXBuildFile; fileRef = 9B658DE41C76BA0800D01E32 /* Lab1UITests.m */; };
/* End PBXBuildFile section */

/* Begin PBXContainerItemProxy section */
		9B658DD61C76BA0800D01E32 /* PBXContainerItemProxy */ = {
			isa = PBXContainerItemProxy;
			containerPortal = 9B658DB41C76BA0700D01E32 /* Project object */;
			proxyType = 1;
			remoteGlobalIDString = 9B658DBB1C76BA0700D01E32;
			remoteInfo = Lab1;
		};
		9B658DE11C76BA0800D01E32 /* PBXContainerItemProxy */ = {
			isa = PBXContainerItemProxy;
			containerPortal = 9B658DB41C76BA0700D01E32 /* Project object */;
			proxyType = 1;
			remoteGlobalIDString = 9B658DBB1C76BA0700D01E32;
			remoteInfo = Lab1;
		};
/* End PBXContainerItemProxy section */

/* Begin PBXFileReference section */
		9B658DBC1C76BA0800D01E32 /* Lab1.app */ = {isa = PBXFileReference; explicitFileType = wrapper.application; includeInIndex = 0; path = Lab1.app; sourceTree = BUILT_PRODUCTS_DIR; };
		9B658DC01C76BA0800D01E32 /* main.m */ = {isa = PBXFileReference; lastKnownFileType = sourcecode.c.objc; path = main.m; sourceTree = "<group>"; };
		9B658DC21C76BA0800D01E32 /* AppDelegate.h */ = {isa = PBXFileReference; lastKnownFileType = sourcecode.c.h; path = AppDelegate.h; sourceTree = "<group>"; };
		9B658DC31C76BA0800D01E32 /* AppDelegate.m */ = {isa = PBXFileReference; lastKnownFileType = sourcecode.c.objc; path = AppDelegate.m; sourceTree = "<group>"; };
		9B658DC51C76BA0800D01E32 /* ViewController.h */ = {isa = PBXFileReference; lastKnownFileType = sourcecode.c.h; path = ViewController.h; sourceTree = "<group>"; };
		9B658DC61C76BA0800D01E32 /* ViewController.m */ = {isa = PBXFileReference; lastKnownFileType = sourcecode.c.objc; path = ViewController.m; sourceTree = "<group>"; };
		9B658DC91C76BA0800D01E32 /* Base */ = {isa = PBXFileReference; lastKnownFileType = file.storyboard; name = Base; path = Base.lproj/Main.storyboard; sourceTree = "<group>"; };
		9B658DCB1C76BA0800D01E32 /* Assets.xcassets */ = {isa = PBXFileReference; lastKnownFileType = folder.assetcatalog; path = Assets.xcassets; sourceTree = "<group>"; };
		9B658DCE1C76BA0800D01E32 /* Base */ = {isa = PBXFileReference; lastKnownFileType = file.storyboard; name = Base; path = Base.lproj/LaunchScreen.storyboard; sourceTree = "<group>"; };
		9B658DD01C76BA0800D01E32 /* Info.plist */ = {isa = PBXFileReference; lastKnownFileType = text.plist.xml; path = Info.plist; sourceTree = "<group>"; };
		9B658DD51C76BA0800D01E32 /* Lab1Tests.xctest */ = {isa = PBXFileReference; explicitFileType = wrapper.cfbundle; includeInIndex = 0; path = Lab1Tests.xctest; sourceTree = BUILT_PRODUCTS_DIR; };
		9B658DD91C76BA0800D01E32 /* Lab1Tests.m */ = {isa = PBXFileReference; lastKnownFileType = sourcecode.c.objc; path = Lab1Tests.m; sourceTree = "<group>"; };
		9B658DDB1C76BA0800D01E32 /* Info.plist */ = {isa = PBXFileReference; lastKnownFileType = text.plist.xml; path = Info.plist; sourceTree = "<group>"; };
		9B658DE01C76BA0800D01E32 /* Lab1UITests.xctest */ = {isa = PBXFileReference; explicitFileType = wrapper.cfbundle; includeInIndex = 0; path = Lab1UITests.xctest; sourceTree = BUILT_PRODUCTS_DIR; };
		9B658DE41C76BA0800D01E32 /* Lab1UITests.m */ = {isa = PBXFileReference; lastKnownFileType = sourcecode.c.objc; path = Lab1UITests.m; sourceTree = "<group>"; };
		9B658DE61C76BA0800D01E32 /* Info.plist */ = {isa = PBXFileReference; lastKnownFileType = text.plist.xml; path = Info.plist; sourceTree = "<group>"; };
/* End PBXFileReference section */

/* Begin PBXFrameworksBuildPhase section */
		9B658DB91C76BA0700D01E32 /* Frameworks */ = {
			isa = PBXFrameworksBuildPhase;
			buildActionMask = 2147483647;
			files = (
			);
			runOnlyForDeploymentPostprocessing = 0;
		};
		9B658DD21C76BA0800D01E32 /* Frameworks */ = {
			isa = PBXFrameworksBuildPhase;
			buildActionMask = 2147483647;
			files = (
			);
			runOnlyForDeploymentPostprocessing = 0;
		};
		9B658DDD1C76BA0800D01E32 /* Frameworks */ = {
			isa = PBXFrameworksBuildPhase;
			buildActionMask = 2147483647;
			files = (
			);
			runOnlyForDeploymentPostprocessing = 0;
		};
/* End PBXFrameworksBuildPhase section */

/* Begin PBXGroup section */
		9B658DB31C76BA0700D01E32 = {
			isa = PBXGroup;
			children = (
				9B658DBE1C76BA0800D01E32 /* Lab1 */,
				9B658DD81C76BA0800D01E32 /* Lab1Tests */,
				9B658DE31C76BA0800D01E32 /* Lab1UITests */,
				9B658DBD1C76BA0800D01E32 /* Products */,
			);
			sourceTree = "<group>";
		};
		9B658DBD1C76BA0800D01E32 /* Products */ = {
			isa = PBXGroup;
			children = (
				9B658DBC1C76BA0800D01E32 /* Lab1.app */,
				9B658DD51C76BA0800D01E32 /* Lab1Tests.xctest */,
				9B658DE01C76BA0800D01E32 /* Lab1UITests.xctest */,
			);
			name = Products;
			sourceTree = "<group>";
		};
		9B658DBE1C76BA0800D01E32 /* Lab1 */ = {
			isa = PBXGroup;
			children = (
				9B658DC21C76BA0800D01E32 /* AppDelegate.h */,
				9B658DC31C76BA0800D01E32 /* AppDelegate.m */,
				9B658DC51C76BA0800D01E32 /* ViewController.h */,
				9B658DC61C76BA0800D01E32 /* ViewController.m */,
				9B658DC81C76BA0800D01E32 /* Main.storyboard */,
				9B658DCB1C76BA0800D01E32 /* Assets.xcassets */,
				9B658DCD1C76BA0800D01E32 /* LaunchScreen.storyboard */,
				9B658DD01C76BA0800D01E32 /* Info.plist */,
				9B658DBF1C76BA0800D01E32 /* Supporting Files */,
			);
			path = Lab1;
			sourceTree = "<group>";
		};
		9B658DBF1C76BA0800D01E32 /* Supporting Files */ = {
			isa = PBXGroup;
			children = (
				9B658DC01C76BA0800D01E32 /* main.m */,
			);
			name = "Supporting Files";
			sourceTree = "<group>";
		};
		9B658DD81C76BA0800D01E32 /* Lab1Tests */ = {
			isa = PBXGroup;
			children = (
				9B658DD91C76BA0800D01E32 /* Lab1Tests.m */,
				9B658DDB1C76BA0800D01E32 /* Info.plist */,
			);
			path = Lab1Tests;
			sourceTree = "<group>";
		};
		9B658DE31C76BA0800D01E32 /* Lab1UITests */ = {
			isa = PBXGroup;
			children = (
				9B658DE41C76BA0800D01E32 /* Lab1UITests.m */,
				9B658DE61C76BA0800D01E32 /* Info.plist */,
			);
			path = Lab1UITests;
			sourceTree = "<group>";
		};
/* End PBXGroup section */

/* Begin PBXNativeTarget section */
		9B658DBB1C76BA0700D01E32 /* Lab1 */ = {
			isa = PBXNativeTarget;
			buildConfigurationList = 9B658DE91C76BA0800D01E32 /* Build configuration list for PBXNativeTarget "Lab1" */;
			buildPhases = (
				9B658DB81C76BA0700D01E32 /* Sources */,
				9B658DB91C76BA0700D01E32 /* Frameworks */,
				9B658DBA1C76BA0700D01E32 /* Resources */,
			);
			buildRules = (
			);
			dependencies = (
			);
			name = Lab1;
			productName = Lab1;
			productReference = 9B658DBC1C76BA0800D01E32 /* Lab1.app */;
			productType = "com.apple.product-type.application";
		};
		9B658DD41C76BA0800D01E32 /* Lab1Tests */ = {
			isa = PBXNativeTarget;
			buildConfigurationList = 9B658DEC1C76BA0800D01E32 /* Build configuration list for PBXNativeTarget "Lab1Tests" */;
			buildPhases = (
				9B658DD11C76BA0800D01E32 /* Sources */,
				9B658DD21C76BA0800D01E32 /* Frameworks */,
				9B658DD31C76BA0800D01E32 /* Resources */,
			);
			buildRules = (
			);
			dependencies = (
				9B658DD71C76BA0800D01E32 /* PBXTargetDependency */,
			);
			name = Lab1Tests;
			productName = Lab1Tests;
			productReference = 9B658DD51C76BA0800D01E32 /* Lab1Tests.xctest */;
			productType = "com.apple.product-type.bundle.unit-test";
		};
		9B658DDF1C76BA0800D01E32 /* Lab1UITests */ = {
			isa = PBXNativeTarget;
			buildConfigurationList = 9B658DEF1C76BA0800D01E32 /* Build configuration list for PBXNativeTarget "Lab1UITests" */;
			buildPhases = (
				9B658DDC1C76BA0800D01E32 /* Sources */,
				9B658DDD1C76BA0800D01E32 /* Frameworks */,
				9B658DDE1C76BA0800D01E32 /* Resources */,
			);
			buildRules = (
			);
			dependencies = (
				9B658DE21C76BA0800D01E32 /* PBXTargetDependency */,
			);
			name = Lab1UITests;
			productName = Lab1UITests;
			productReference = 9B658DE01C76BA0800D01E32 /* Lab1UITests.xctest */;
			productType = "com.apple.product-type.bundle.ui-testing";
		};
/* End PBXNativeTarget section */

/* Begin PBXProject section */
		9B658DB41C76BA0700D01E32 /* Project object */ = {
			isa = PBXProject;
			attributes = {
				LastUpgradeCheck = 0720;
				ORGANIZATIONNAME = "Maxwell Krueger";
				TargetAttributes = {
					9B658DBB1C76BA0700D01E32 = {
						CreatedOnToolsVersion = 7.2.1;
						DevelopmentTeam = E27F7FYKD8;
					};
					9B658DD41C76BA0800D01E32 = {
						CreatedOnToolsVersion = 7.2.1;
						DevelopmentTeam = E27F7FYKD8;
						TestTargetID = 9B658DBB1C76BA0700D01E32;
					};
					9B658DDF1C76BA0800D01E32 = {
						CreatedOnToolsVersion = 7.2.1;
						DevelopmentTeam = E27F7FYKD8;
						TestTargetID = 9B658DBB1C76BA0700D01E32;
					};
				};
			};
			buildConfigurationList = 9B658DB71C76BA0700D01E32 /* Build configuration list for PBXProject "Lab1" */;
			compatibilityVersion = "Xcode 3.2";
			developmentRegion = English;
			hasScannedForEncodings = 0;
			knownRegions = (
				en,
				Base,
			);
			mainGroup = 9B658DB31C76BA0700D01E32;
			productRefGroup = 9B658DBD1C76BA0800D01E32 /* Products */;
			projectDirPath = "";
			projectRoot = "";
			targets = (
				9B658DBB1C76BA0700D01E32 /* Lab1 */,
				9B658DD41C76BA0800D01E32 /* Lab1Tests */,
				9B658DDF1C76BA0800D01E32 /* Lab1UITests */,
			);
		};
/* End PBXProject section */

/* Begin PBXResourcesBuildPhase section */
		9B658DBA1C76BA0700D01E32 /* Resources */ = {
			isa = PBXResourcesBuildPhase;
			buildActionMask = 2147483647;
			files = (
				9B658DCF1C76BA0800D01E32 /* LaunchScreen.storyboard in Resources */,
				9B658DCC1C76BA0800D01E32 /* Assets.xcassets in Resources */,
				9B658DCA1C76BA0800D01E32 /* Main.storyboard in Resources */,
			);
			runOnlyForDeploymentPostprocessing = 0;
		};
		9B658DD31C76BA0800D01E32 /* Resources */ = {
			isa = PBXResourcesBuildPhase;
			buildActionMask = 2147483647;
			files = (
			);
			runOnlyForDeploymentPostprocessing = 0;
		};
		9B658DDE1C76BA0800D01E32 /* Resources */ = {
			isa = PBXResourcesBuildPhase;
			buildActionMask = 2147483647;
			files = (
			);
			runOnlyForDeploymentPostprocessing = 0;
		};
/* End PBXResourcesBuildPhase section */

/* Begin PBXSourcesBuildPhase section */
		9B658DB81C76BA0700D01E32 /* Sources */ = {
			isa = PBXSourcesBuildPhase;
			buildActionMask = 2147483647;
			files = (
				9B658DC71C76BA0800D01E32 /* ViewController.m in Sources */,
				9B658DC41C76BA0800D01E32 /* AppDelegate.m in Sources */,
				9B658DC11C76BA0800D01E32 /* main.m in Sources */,
			);
			runOnlyForDeploymentPostprocessing = 0;
		};
		9B658DD11C76BA0800D01E32 /* Sources */ = {
			isa = PBXSourcesBuildPhase;
			buildActionMask = 2147483647;
			files = (
				9B658DDA1C76BA0800D01E32 /* Lab1Tests.m in Sources */,
			);
			runOnlyForDeploymentPostprocessing = 0;
		};
		9B658DDC1C76BA0800D01E32 /* Sources */ = {
			isa = PBXSourcesBuildPhase;
			buildActionMask = 2147483647;
			files = (
				9B658DE51C76BA0800D01E32 /* Lab1UITests.m in Sources */,
			);
			runOnlyForDeploymentPostprocessing = 0;
		};
/* End PBXSourcesBuildPhase section */

/* Begin PBXTargetDependency section */
		9B658DD71C76BA0800D01E32 /* PBXTargetDependency */ = {
			isa = PBXTargetDependency;
			target = 9B658DBB1C76BA0700D01E32 /* Lab1 */;
			targetProxy = 9B658DD61C76BA0800D01E32 /* PBXContainerItemProxy */;
		};
		9B658DE21C76BA0800D01E32 /* PBXTargetDependency */ = {
			isa = PBXTargetDependency;
			target = 9B658DBB1C76BA0700D01E32 /* Lab1 */;
			targetProxy = 9B658DE11C76BA0800D01E32 /* PBXContainerItemProxy */;
		};
/* End PBXTargetDependency section */

/* Begin PBXVariantGroup section */
		9B658DC81C76BA0800D01E32 /* Main.storyboard */ = {
			isa = PBXVariantGroup;
			children = (
				9B658DC91C76BA0800D01E32 /* Base */,
			);
			name = Main.storyboard;
			sourceTree = "<group>";
		};
		9B658DCD1C76BA0800D01E32 /* LaunchScreen.storyboard */ = {
			isa = PBXVariantGroup;
			children = (
				9B658DCE1C76BA0800D01E32 /* Base */,
			);
			name = LaunchScreen.storyboard;
			sourceTree = "<group>";
		};
/* End PBXVariantGroup section */

/* Begin XCBuildConfiguration section */
		9B658DE71C76BA0800D01E32 /* Debug */ = {
			isa = XCBuildConfiguration;
			buildSettings = {
				ALWAYS_SEARCH_USER_PATHS = NO;
				CLANG_CXX_LANGUAGE_STANDARD = "gnu++0x";
				CLANG_CXX_LIBRARY = "libc++";
				CLANG_ENABLE_MODULES = YES;
				CLANG_ENABLE_OBJC_ARC = YES;
				CLANG_WARN_BOOL_CONVERSION = YES;
				CLANG_WARN_CONSTANT_CONVERSION = YES;
				CLANG_WARN_DIRECT_OBJC_ISA_USAGE = YES_ERROR;
				CLANG_WARN_EMPTY_BODY = YES;
				CLANG_WARN_ENUM_CONVERSION = YES;
				CLANG_WARN_INT_CONVERSION = YES;
				CLANG_WARN_OBJC_ROOT_CLASS = YES_ERROR;
				CLANG_WARN_UNREACHABLE_CODE = YES;
				CLANG_WARN__DUPLICATE_METHOD_MATCH = YES;
				"CODE_SIGN_IDENTITY[sdk=iphoneos*]" = "iPhone Developer";
				COPY_PHASE_STRIP = NO;
				DEBUG_INFORMATION_FORMAT = dwarf;
				ENABLE_STRICT_OBJC_MSGSEND = YES;
				ENABLE_TESTABILITY = YES;
				GCC_C_LANGUAGE_STANDARD = gnu99;
				GCC_DYNAMIC_NO_PIC = NO;
				GCC_NO_COMMON_BLOCKS = YES;
				GCC_OPTIMIZATION_LEVEL = 0;
				GCC_PREPROCESSOR_DEFINITIONS = (
					"DEBUG=1",
					"$(inherited)",
				);
				GCC_WARN_64_TO_32_BIT_CONVERSION = YES;
				GCC_WARN_ABOUT_RETURN_TYPE = YES_ERROR;
				GCC_WARN_UNDECLARED_SELECTOR = YES;
				GCC_WARN_UNINITIALIZED_AUTOS = YES_AGGRESSIVE;
				GCC_WARN_UNUSED_FUNCTION = YES;
				GCC_WARN_UNUSED_VARIABLE = YES;
				IPHONEOS_DEPLOYMENT_TARGET = 9.2;
				MTL_ENABLE_DEBUG_INFO = YES;
				ONLY_ACTIVE_ARCH = YES;
				SDKROOT = iphoneos;
			};
			name = Debug;
		};
		9B658DE81C76BA0800D01E32 /* Release */ = {
			isa = XCBuildConfiguration;
			buildSettings = {
				ALWAYS_SEARCH_USER_PATHS = NO;
				CLANG_CXX_LANGUAGE_STANDARD = "gnu++0x";
				CLANG_CXX_LIBRARY = "libc++";
				CLANG_ENABLE_MODULES = YES;
				CLANG_ENABLE_OBJC_ARC = YES;
				CLANG_WARN_BOOL_CONVERSION = YES;
				CLANG_WARN_CONSTANT_CONVERSION = YES;
				CLANG_WARN_DIRECT_OBJC_ISA_USAGE = YES_ERROR;
				CLANG_WARN_EMPTY_BODY = YES;
				CLANG_WARN_ENUM_CONVERSION = YES;
				CLANG_WARN_INT_CONVERSION = YES;
				CLANG_WARN_OBJC_ROOT_CLASS = YES_ERROR;
				CLANG_WARN_UNREACHABLE_CODE = YES;
				CLANG_WARN__DUPLICATE_METHOD_MATCH = YES;
				"CODE_SIGN_IDENTITY[sdk=iphoneos*]" = "iPhone Developer";
				COPY_PHASE_STRIP = NO;
				DEBUG_INFORMATION_FORMAT = "dwarf-with-dsym";
				ENABLE_NS_ASSERTIONS = NO;
				ENABLE_STRICT_OBJC_MSGSEND = YES;
				GCC_C_LANGUAGE_STANDARD = gnu99;
				GCC_NO_COMMON_BLOCKS = YES;
				GCC_WARN_64_TO_32_BIT_CONVERSION = YES;
				GCC_WARN_ABOUT_RETURN_TYPE = YES_ERROR;
				GCC_WARN_UNDECLARED_SELECTOR = YES;
				GCC_WARN_UNINITIALIZED_AUTOS = YES_AGGRESSIVE;
				GCC_WARN_UNUSED_FUNCTION = YES;
				GCC_WARN_UNUSED_VARIABLE = YES;
				IPHONEOS_DEPLOYMENT_TARGET = 9.2;
				MTL_ENABLE_DEBUG_INFO = NO;
				SDKROOT = iphoneos;
				VALIDATE_PRODUCT = YES;
			};
			name = Release;
		};
		9B658DEA1C76BA0800D01E32 /* Debug */ = {
			isa = XCBuildConfiguration;
			buildSettings = {
				ASSETCATALOG_COMPILER_APPICON_NAME = AppIcon;
				INFOPLIST_FILE = Lab1/Info.plist;
				LD_RUNPATH_SEARCH_PATHS = "$(inherited) @executable_path/Frameworks";
				PRODUCT_BUNDLE_IDENTIFIER = Developer.Lab1;
				PRODUCT_NAME = "$(TARGET_NAME)";
			};
			name = Debug;
		};
		9B658DEB1C76BA0800D01E32 /* Release */ = {
			isa = XCBuildConfiguration;
			buildSettings = {
				ASSETCATALOG_COMPILER_APPICON_NAME = AppIcon;
				INFOPLIST_FILE = Lab1/Info.plist;
				LD_RUNPATH_SEARCH_PATHS = "$(inherited) @executable_path/Frameworks";
				PRODUCT_BUNDLE_IDENTIFIER = Developer.Lab1;
				PRODUCT_NAME = "$(TARGET_NAME)";
			};
			name = Release;
		};
		9B658DED1C76BA0800D01E32 /* Debug */ = {
			isa = XCBuildConfiguration;
			buildSettings = {
				BUNDLE_LOADER = "$(TEST_HOST)";
				INFOPLIST_FILE = Lab1Tests/Info.plist;
				LD_RUNPATH_SEARCH_PATHS = "$(inherited) @executable_path/Frameworks @loader_path/Frameworks";
				PRODUCT_BUNDLE_IDENTIFIER = Developer.Lab1Tests;
				PRODUCT_NAME = "$(TARGET_NAME)";
				TEST_HOST = "$(BUILT_PRODUCTS_DIR)/Lab1.app/Lab1";
			};
			name = Debug;
		};
		9B658DEE1C76BA0800D01E32 /* Release */ = {
			isa = XCBuildConfiguration;
			buildSettings = {
				BUNDLE_LOADER = "$(TEST_HOST)";
				INFOPLIST_FILE = Lab1Tests/Info.plist;
				LD_RUNPATH_SEARCH_PATHS = "$(inherited) @executable_path/Frameworks @loader_path/Frameworks";
				PRODUCT_BUNDLE_IDENTIFIER = Developer.Lab1Tests;
				PRODUCT_NAME = "$(TARGET_NAME)";
				TEST_HOST = "$(BUILT_PRODUCTS_DIR)/Lab1.app/Lab1";
			};
			name = Release;
		};
		9B658DF01C76BA0800D01E32 /* Debug */ = {
			isa = XCBuildConfiguration;
			buildSettings = {
				INFOPLIST_FILE = Lab1UITests/Info.plist;
				LD_RUNPATH_SEARCH_PATHS = "$(inherited) @executable_path/Frameworks @loader_path/Frameworks";
				PRODUCT_BUNDLE_IDENTIFIER = Developer.Lab1UITests;
				PRODUCT_NAME = "$(TARGET_NAME)";
				TEST_TARGET_NAME = Lab1;
				USES_XCTRUNNER = YES;
			};
			name = Debug;
		};
		9B658DF11C76BA0800D01E32 /* Release */ = {
			isa = XCBuildConfiguration;
			buildSettings = {
				INFOPLIST_FILE = Lab1UITests/Info.plist;
				LD_RUNPATH_SEARCH_PATHS = "$(inherited) @executable_path/Frameworks @loader_path/Frameworks";
				PRODUCT_BUNDLE_IDENTIFIER = Developer.Lab1UITests;
				PRODUCT_NAME = "$(TARGET_NAME)";
				TEST_TARGET_NAME = Lab1;
				USES_XCTRUNNER = YES;
			};
			name = Release;
		};
/* End XCBuildConfiguration section */

/* Begin XCConfigurationList section */
		9B658DB71C76BA0700D01E32 /* Build configuration list for PBXProject "Lab1" */ = {
			isa = XCConfigurationList;
			buildConfigurations = (
				9B658DE71C76BA0800D01E32 /* Debug */,
				9B658DE81C76BA0800D01E32 /* Release */,
			);
			defaultConfigurationIsVisible = 0;
			defaultConfigurationName = Release;
		};
		9B658DE91C76BA0800D01E32 /* Build configuration list for PBXNativeTarget "Lab1" */ = {
			isa = XCConfigurationList;
			buildConfigurations = (
				9B658DEA1C76BA0800D01E32 /* Debug */,
				9B658DEB1C76BA0800D01E32 /* Release */,
			);
			defaultConfigurationIsVisible = 0;
		};
		9B658DEC1C76BA0800D01E32 /* Build configuration list for PBXNativeTarget "Lab1Tests" */ = {
			isa = XCConfigurationList;
			buildConfigurations = (
				9B658DED1C76BA0800D01E32 /* Debug */,
				9B658DEE1C76BA0800D01E32 /* Release */,
			);
			defaultConfigurationIsVisible = 0;
		};
		9B658DEF1C76BA0800D01E32 /* Build configuration list for PBXNativeTarget "Lab1UITests" */ = {
			isa = XCConfigurationList;
			buildConfigurations = (
				9B658DF01C76BA0800D01E32 /* Debug */,
				9B658DF11C76BA0800D01E32 /* Release */,
			);
			defaultConfigurationIsVisible = 0;
		};
/* End XCConfigurationList section */
	};
	rootObject = 9B658DB41C76BA0700D01E32 /* Project object */;
}
